
Microsoft Visual Studio Solution File, Format Version 12.00
# Visual Studio 15
VisualStudioVersion = 15.0.27130.2024
MinimumVisualStudioVersion = 10.0.40219.1
Project("{FAE04EC0-301F-11D3-BF4B-00C04F79EFBC}") = "MazeSolver", "MazeSolver\MazeSolver.csproj", "{78D008CC-1361-46C2-B413-C6A9F9A4EB70}"
EndProject
Global
	GlobalSection(SolutionConfigurationPlatforms) = preSolution
		Debug|Any CPU = Debug|Any CPU
		Release|Any CPU = Release|Any CPU
	EndGlobalSection
	GlobalSection(ProjectConfigurationPlatforms) = postSolution
		{78D008CC-1361-46C2-B413-C6A9F9A4EB70}.Debug|Any CPU.ActiveCfg = Debug|Any CPU
		{78D008CC-1361-46C2-B413-C6A9F9A4EB70}.Debug|Any CPU.Build.0 = Debug|Any CPU
		{78D008CC-1361-46C2-B413-C6A9F9A4EB70}.Release|Any CPU.ActiveCfg = Release|Any CPU
		{78D008CC-1361-46C2-B413-C6A9F9A4EB70}.Release|Any CPU.Build.0 = Release|Any CPU
	EndGlobalSection
	GlobalSection(SolutionProperties) = preSolution
		HideSolutionNode = FALSE
	EndGlobalSection
	GlobalSection(ExtensibilityGlobals) = postSolution
		SolutionGuid = {578C2922-B728-4777-8699-2621DCC4A4FC}
	EndGlobalSection
EndGlobal
